
Microsoft Visual Studio Solution File, Format Version 12.00
# Visual Studio Version 16
VisualStudioVersion = 16.0.32106.194
MinimumVisualStudioVersion = 10.0.40219.1
Project("{FAE04EC0-301F-11D3-BF4B-00C04F79EFBC}") = "LeagueManager", "LeagueManager\LeagueManager.csproj", "{F259166D-6C58-4E96-890F-D757B8A04191}"
EndProject
Global
	GlobalSection(SolutionConfigurationPlatforms) = preSolution
		Debug|Any CPU = Debug|Any CPU
		Release|Any CPU = Release|Any CPU
	EndGlobalSection
	GlobalSection(ProjectConfigurationPlatforms) = postSolution
		{F259166D-6C58-4E96-890F-D757B8A04191}.Debug|Any CPU.ActiveCfg = Debug|Any CPU
		{F259166D-6C58-4E96-890F-D757B8A04191}.Debug|Any CPU.Build.0 = Debug|Any CPU
		{F259166D-6C58-4E96-890F-D757B8A04191}.Release|Any CPU.ActiveCfg = Release|Any CPU
		{F259166D-6C58-4E96-890F-D757B8A04191}.Release|Any CPU.Build.0 = Release|Any CPU
	EndGlobalSection
	GlobalSection(SolutionProperties) = preSolution
		HideSolutionNode = FALSE
	EndGlobalSection
	GlobalSection(ExtensibilityGlobals) = postSolution
		SolutionGuid = {C513EC3C-6C32-4923-9124-F890288B4C4F}
	EndGlobalSection
EndGlobal
